{
  "name": "grape-concept",
  "version": "0.0.1",
  "lockfileVersion": 3,
  "requires": true,
  "packages": {
    "": {
      "name": "grape-concept",
      "version": "0.0.1",
      "dependencies": {
        "naughty-util": "^0.7.0"
      }
    },
    "node_modules/naughty-util": {
      "version": "0.7.0",
      "resolved": "https://registry.npmjs.org/naughty-util/-/naughty-util-0.7.0.tgz",
      "integrity": "sha512-grGxQzfh3sKReizVPUx0pNZFLDlU8BLgHkPNVJJP7FAtz8nuASpWf6/9MvnjeX9JRHhiGN2Jk6zcBc8xA1/dQA==",
      "license": "MIT",
      "engines": {
        "node": ">=18"
      }
    }
  }
}
